
Microsoft Visual Studio Solution File, Format Version 12.00
# Visual Studio 2012
Project("{E24C65DC-7377-472B-9ABA-BC803B73C61A}") = "DemoWebSite - Complete", "DemoWebSite - Complete\", "{A1D995D3-C4DB-4A31-B404-1E8F1160D34B}"
	ProjectSection(WebsiteProperties) = preProject
		Debug.AspNetCompiler.Debug = "True"
		Debug.AspNetCompiler.FixedNames = "false"
		Debug.AspNetCompiler.ForceOverwrite = "true"
		Debug.AspNetCompiler.PhysicalPath = "DemoWebSite - Complete\"
		Debug.AspNetCompiler.TargetPath = "PrecompiledWeb\DemoWebSite - Complete\"
		Debug.AspNetCompiler.Updateable = "true"
		Debug.AspNetCompiler.VirtualPath = "/DemoWebSite - Complete"
		Release.AspNetCompiler.Debug = "False"
		Release.AspNetCompiler.FixedNames = "false"
		Release.AspNetCompiler.ForceOverwrite = "true"
		Release.AspNetCompiler.PhysicalPath = "DemoWebSite - Complete\"
		Release.AspNetCompiler.TargetPath = "PrecompiledWeb\DemoWebSite - Complete\"
		Release.AspNetCompiler.Updateable = "true"
		Release.AspNetCompiler.VirtualPath = "/DemoWebSite - Complete"
		TargetFrameworkMoniker = ".NETFramework,Version%3Dv4.5"
		VWDPort = "1171"
	EndProjectSection
EndProject
Global
	GlobalSection(SolutionConfigurationPlatforms) = preSolution
		Debug|Any CPU = Debug|Any CPU
	EndGlobalSection
	GlobalSection(ProjectConfigurationPlatforms) = postSolution
		{A1D995D3-C4DB-4A31-B404-1E8F1160D34B}.Debug|Any CPU.ActiveCfg = Debug|Any CPU
		{A1D995D3-C4DB-4A31-B404-1E8F1160D34B}.Debug|Any CPU.Build.0 = Debug|Any CPU
	EndGlobalSection
	GlobalSection(SolutionProperties) = preSolution
		HideSolutionNode = FALSE
	EndGlobalSection
EndGlobal
